// !$*UTF8*$!
{
	archiveVersion = 1;
	classes = {
	};
	objectVersion = 45;
	objects = {

/* Begin PBXBuildFile section */
		1D3623260D0F684500981E51 /* TheCarltonAppDelegate.m in Sources */ = {isa = PBXBuildFile; fileRef = 1D3623250D0F684500981E51 /* TheCarltonAppDelegate.m */; };
		1D60589B0D05DD56006BFB54 /* main.m in Sources */ = {isa = PBXBuildFile; fileRef = 29B97316FDCFA39411CA2CEA /* main.m */; };
		1D60589F0D05DD5A006BFB54 /* Foundation.framework in Frameworks */ = {isa = PBXBuildFile; fileRef = 1D30AB110D05D00D00671497 /* Foundation.framework */; };
		1DF5F4E00D08C38300B7A737 /* UIKit.framework in Frameworks */ = {isa = PBXBuildFile; fileRef = 1DF5F4DF0D08C38300B7A737 /* UIKit.framework */; };
		288765FD0DF74451002DB57D /* CoreGraphics.framework in Frameworks */ = {isa = PBXBuildFile; fileRef = 288765FC0DF74451002DB57D /* CoreGraphics.framework */; };
		28AD733F0D9D9553002E5188 /* MainWindow.xib in Resources */ = {isa = PBXBuildFile; fileRef = 28AD733E0D9D9553002E5188 /* MainWindow.xib */; };
		3201088596B4756681693705 /* libThree20UICommon.a in Frameworks */ = {isa = PBXBuildFile; fileRef = 3201088596B4756681693704 /* libThree20UICommon.a */; };
		320A2827FEC940B25BC42C65 /* libThree20Core.a in Frameworks */ = {isa = PBXBuildFile; fileRef = 320A2827FEC940B25BC42C64 /* libThree20Core.a */; };
		320A5A189C235877202780D5 /* libThree20Network.a in Frameworks */ = {isa = PBXBuildFile; fileRef = 320A5A189C235877202780D4 /* libThree20Network.a */; };
		320A737074758E53BA54BE95 /* libThree20UINavigator.a in Frameworks */ = {isa = PBXBuildFile; fileRef = 320A737074758E53BA54BE94 /* libThree20UINavigator.a */; };
		320AF8492C47A4D819F7C451 /* QuartzCore.framework in Frameworks */ = {isa = PBXBuildFile; fileRef = 320AF8492C47A4D819F7C450 /* QuartzCore.framework */; };
		320B6C86F11D9990244A9731 /* Three20.bundle in Resources */ = {isa = PBXBuildFile; fileRef = 320B6C86F11D9990244A9730 /* Three20.bundle */; };
		320CC833B8AF0ACFD35E6225 /* libThree20Style.a in Frameworks */ = {isa = PBXBuildFile; fileRef = 320CC833B8AF0ACFD35E6224 /* libThree20Style.a */; };
		320D7DCCE32703ACAB9A45E5 /* libThree20.a in Frameworks */ = {isa = PBXBuildFile; fileRef = 320D7DCCE32703ACAB9A45E4 /* libThree20.a */; };
		320F2C48872C2E2C4DF86205 /* libThree20UI.a in Frameworks */ = {isa = PBXBuildFile; fileRef = 320F2C48872C2E2C4DF86204 /* libThree20UI.a */; };
		F425061812B49F590016CD6B /* RemoteImage.m in Sources */ = {isa = PBXBuildFile; fileRef = F425061712B49F590016CD6B /* RemoteImage.m */; };
		F42506E712B4BC240016CD6B /* RemoteDictionary.m in Sources */ = {isa = PBXBuildFile; fileRef = F42506E612B4BC240016CD6B /* RemoteDictionary.m */; };
		F42507B212B4CFC50016CD6B /* DetailViewController.m in Sources */ = {isa = PBXBuildFile; fileRef = F42507AD12B4CFC50016CD6B /* DetailViewController.m */; };
		F42507B312B4CFC50016CD6B /* DetailView.xib in Resources */ = {isa = PBXBuildFile; fileRef = F42507AE12B4CFC50016CD6B /* DetailView.xib */; };
		F42507B412B4CFC50016CD6B /* MenuRootViewController.m in Sources */ = {isa = PBXBuildFile; fileRef = F42507B012B4CFC50016CD6B /* MenuRootViewController.m */; };
		F42507B512B4CFC50016CD6B /* MenuRootViewController.xib in Resources */ = {isa = PBXBuildFile; fileRef = F42507B112B4CFC50016CD6B /* MenuRootViewController.xib */; };
		F42507EE12B4DBD40016CD6B /* logogreen.png in Resources */ = {isa = PBXBuildFile; fileRef = F42507ED12B4DBD40016CD6B /* logogreen.png */; };
		F425080412B4DDF90016CD6B /* SyncViewController.m in Sources */ = {isa = PBXBuildFile; fileRef = F425080212B4DDF90016CD6B /* SyncViewController.m */; };
		F425080512B4DDF90016CD6B /* SyncViewController.xib in Resources */ = {isa = PBXBuildFile; fileRef = F425080312B4DDF90016CD6B /* SyncViewController.xib */; };
		F42508C312B4F9550016CD6B /* Default.png in Resources */ = {isa = PBXBuildFile; fileRef = F42508BD12B4F9550016CD6B /* Default.png */; };
		F42508C412B4F9550016CD6B /* Icon-Small.png in Resources */ = {isa = PBXBuildFile; fileRef = F42508BE12B4F9550016CD6B /* Icon-Small.png */; };
		F42508C512B4F9550016CD6B /* Icon-Small@2x.png in Resources */ = {isa = PBXBuildFile; fileRef = F42508BF12B4F9550016CD6B /* Icon-Small@2x.png */; };
		F42508C612B4F9550016CD6B /* Icon.png in Resources */ = {isa = PBXBuildFile; fileRef = F42508C012B4F9550016CD6B /* Icon.png */; };
		F42508C712B4F9550016CD6B /* Icon@2x.png in Resources */ = {isa = PBXBuildFile; fileRef = F42508C112B4F9550016CD6B /* Icon@2x.png */; };
		F42508C812B4F9550016CD6B /* iTunesArtwork in Resources */ = {isa = PBXBuildFile; fileRef = F42508C212B4F9550016CD6B /* iTunesArtwork */; };
		F42508E412B4FC960016CD6B /* LocateViewController.m in Sources */ = {isa = PBXBuildFile; fileRef = F42508DD12B4FC960016CD6B /* LocateViewController.m */; };
		F42508E512B4FC960016CD6B /* LocateViewController.xib in Resources */ = {isa = PBXBuildFile; fileRef = F42508DE12B4FC960016CD6B /* LocateViewController.xib */; };
		F42508E612B4FC960016CD6B /* ContactViewController.m in Sources */ = {isa = PBXBuildFile; fileRef = F42508E012B4FC960016CD6B /* ContactViewController.m */; };
		F42508E712B4FC960016CD6B /* ContactViewController.xib in Resources */ = {isa = PBXBuildFile; fileRef = F42508E112B4FC960016CD6B /* ContactViewController.xib */; };
		F42508E812B4FC960016CD6B /* ContactTableController.m in Sources */ = {isa = PBXBuildFile; fileRef = F42508E312B4FC960016CD6B /* ContactTableController.m */; };
		F437CBF012B3B6F40049F9C4 /* 18-envelope.png in Resources */ = {isa = PBXBuildFile; fileRef = F437CBE012B3B6F40049F9C4 /* 18-envelope.png */; };
		F437CBF112B3B6F40049F9C4 /* 53-house.png in Resources */ = {isa = PBXBuildFile; fileRef = F437CBE112B3B6F40049F9C4 /* 53-house.png */; };
		F437CBF212B3B6F40049F9C4 /* appsettings.png in Resources */ = {isa = PBXBuildFile; fileRef = F437CBE212B3B6F40049F9C4 /* appsettings.png */; };
		F437CBF312B3B6F40049F9C4 /* bookings.png in Resources */ = {isa = PBXBuildFile; fileRef = F437CBE312B3B6F40049F9C4 /* bookings.png */; };
		F437CBF412B3B6F40049F9C4 /* buttonimg.png in Resources */ = {isa = PBXBuildFile; fileRef = F437CBE412B3B6F40049F9C4 /* buttonimg.png */; };
		F437CBF512B3B6F40049F9C4 /* cameraimg.png in Resources */ = {isa = PBXBuildFile; fileRef = F437CBE512B3B6F40049F9C4 /* cameraimg.png */; };
		F437CBF612B3B6F40049F9C4 /* checkin.png in Resources */ = {isa = PBXBuildFile; fileRef = F437CBE612B3B6F40049F9C4 /* checkin.png */; };
		F437CBF712B3B6F40049F9C4 /* contact.png in Resources */ = {isa = PBXBuildFile; fileRef = F437CBE712B3B6F40049F9C4 /* contact.png */; };
		F437CBF812B3B6F40049F9C4 /* free.png in Resources */ = {isa = PBXBuildFile; fileRef = F437CBE812B3B6F40049F9C4 /* free.png */; };
		F437CBF912B3B6F40049F9C4 /* logo.png in Resources */ = {isa = PBXBuildFile; fileRef = F437CBE912B3B6F40049F9C4 /* logo.png */; };
		F437CBFA12B3B6F40049F9C4 /* menu.png in Resources */ = {isa = PBXBuildFile; fileRef = F437CBEA12B3B6F40049F9C4 /* menu.png */; };
		F437CBFB12B3B6F40049F9C4 /* navbarbg.png in Resources */ = {isa = PBXBuildFile; fileRef = F437CBEB12B3B6F40049F9C4 /* navbarbg.png */; };
		F437CBFC12B3B6F40049F9C4 /* news.png in Resources */ = {isa = PBXBuildFile; fileRef = F437CBEC12B3B6F40049F9C4 /* news.png */; };
		F437CBFD12B3B6F40049F9C4 /* phone.png in Resources */ = {isa = PBXBuildFile; fileRef = F437CBED12B3B6F40049F9C4 /* phone.png */; };
		F437CBFE12B3B6F40049F9C4 /* settings.png in Resources */ = {isa = PBXBuildFile; fileRef = F437CBEE12B3B6F40049F9C4 /* settings.png */; };
		F437CBFF12B3B6F40049F9C4 /* share.png in Resources */ = {isa = PBXBuildFile; fileRef = F437CBEF12B3B6F40049F9C4 /* share.png */; };
		F437CC0112B3B7090049F9C4 /* bg.jpg in Resources */ = {isa = PBXBuildFile; fileRef = F437CC0012B3B7090049F9C4 /* bg.jpg */; };
		F437CC4612B3B90F0049F9C4 /* Settings.bundle in Resources */ = {isa = PBXBuildFile; fileRef = F437CC4512B3B90F0049F9C4 /* Settings.bundle */; };
		F437CC6712B3BABC0049F9C4 /* LauncherViewController.m in Sources */ = {isa = PBXBuildFile; fileRef = F437CC6512B3BABC0049F9C4 /* LauncherViewController.m */; };
		F437CC6812B3BABC0049F9C4 /* LauncherViewController.xib in Resources */ = {isa = PBXBuildFile; fileRef = F437CC6612B3BABC0049F9C4 /* LauncherViewController.xib */; };
		F437CCEB12B3BFF90049F9C4 /* BoxViewController.m in Sources */ = {isa = PBXBuildFile; fileRef = F437CCE912B3BFF90049F9C4 /* BoxViewController.m */; };
		F437CCEC12B3BFF90049F9C4 /* BoxViewController.xib in Resources */ = {isa = PBXBuildFile; fileRef = F437CCEA12B3BFF90049F9C4 /* BoxViewController.xib */; };
		F437CD0612B3C69F0049F9C4 /* CameraViewController.m in Sources */ = {isa = PBXBuildFile; fileRef = F437CD0512B3C69F0049F9C4 /* CameraViewController.m */; };
		F437CD0912B3C7FA0049F9C4 /* OverlayViewController.m in Sources */ = {isa = PBXBuildFile; fileRef = F437CD0812B3C7FA0049F9C4 /* OverlayViewController.m */; };
		F437CD2A12B3CB480049F9C4 /* AudioToolbox.framework in Frameworks */ = {isa = PBXBuildFile; fileRef = F437CD2912B3CB480049F9C4 /* AudioToolbox.framework */; };
		F437CD7E12B3CF080049F9C4 /* tick.aiff in Resources */ = {isa = PBXBuildFile; fileRef = F437CD7D12B3CF080049F9C4 /* tick.aiff */; };
		F437CD9A12B3CF640049F9C4 /* OverlayViewController.xib in Resources */ = {isa = PBXBuildFile; fileRef = F437CD9812B3CF640049F9C4 /* OverlayViewController.xib */; };
/* End PBXBuildFile section */

/* Begin PBXContainerItemProxy section */
		3201088596B4756681693702 /* PBXContainerItemProxy */ = {
			isa = PBXContainerItemProxy;
			containerPortal = 3201088596B4756681693700 /* Three20UICommon.xcodeproj */;
			proxyType = 1;
			remoteGlobalIDString = BEF31F390F352DF5000DE5D2;
			remoteInfo = Three20UICommon;
		};
		3201088596B4756681693706 /* PBXContainerItemProxy */ = {
			isa = PBXContainerItemProxy;
			containerPortal = 3201088596B4756681693700 /* Three20UICommon.xcodeproj */;
			proxyType = 2;
			remoteGlobalIDString = BEF31F3A0F352DF5000DE5D2;
			remoteInfo = Three20UICommon;
		};
		320A2827FEC940B25BC42C62 /* PBXContainerItemProxy */ = {
			isa = PBXContainerItemProxy;
			containerPortal = 320A2827FEC940B25BC42C60 /* Three20Core.xcodeproj */;
			proxyType = 1;
			remoteGlobalIDString = BEF31F390F352DF5000DE5D2;
			remoteInfo = Three20Core;
		};
		320A2827FEC940B25BC42C66 /* PBXContainerItemProxy */ = {
			isa = PBXContainerItemProxy;
			containerPortal = 320A2827FEC940B25BC42C60 /* Three20Core.xcodeproj */;
			proxyType = 2;
			remoteGlobalIDString = BEF31F3A0F352DF5000DE5D2;
			remoteInfo = Three20Core;
		};
		320A5A189C235877202780D2 /* PBXContainerItemProxy */ = {
			isa = PBXContainerItemProxy;
			containerPortal = 320A5A189C235877202780D0 /* Three20Network.xcodeproj */;
			proxyType = 1;
			remoteGlobalIDString = BEF31F390F352DF5000DE5D2;
			remoteInfo = Three20Network;
		};
		320A5A189C235877202780D6 /* PBXContainerItemProxy */ = {
			isa = PBXContainerItemProxy;
			containerPortal = 320A5A189C235877202780D0 /* Three20Network.xcodeproj */;
			proxyType = 2;
			remoteGlobalIDString = BEF31F3A0F352DF5000DE5D2;
			remoteInfo = Three20Network;
		};
		320A737074758E53BA54BE92 /* PBXContainerItemProxy */ = {
			isa = PBXContainerItemProxy;
			containerPortal = 320A737074758E53BA54BE90 /* Three20UINavigator.xcodeproj */;
			proxyType = 1;
			remoteGlobalIDString = BEF31F390F352DF5000DE5D2;
			remoteInfo = Three20UINavigator;
		};
		320A737074758E53BA54BE96 /* PBXContainerItemProxy */ = {
			isa = PBXContainerItemProxy;
			containerPortal = 320A737074758E53BA54BE90 /* Three20UINavigator.xcodeproj */;
			proxyType = 2;
			remoteGlobalIDString = BEF31F3A0F352DF5000DE5D2;
			remoteInfo = Three20UINavigator;
		};
		320CC833B8AF0ACFD35E6222 /* PBXContainerItemProxy */ = {
			isa = PBXContainerItemProxy;
			containerPortal = 320CC833B8AF0ACFD35E6220 /* Three20Style.xcodeproj */;
			proxyType = 1;
			remoteGlobalIDString = BEF31F390F352DF5000DE5D2;
			remoteInfo = Three20Style;
		};
		320CC833B8AF0ACFD35E6226 /* PBXContainerItemProxy */ = {
			isa = PBXContainerItemProxy;
			containerPortal = 320CC833B8AF0ACFD35E6220 /* Three20Style.xcodeproj */;
			proxyType = 2;
			remoteGlobalIDString = BEF31F3A0F352DF5000DE5D2;
			remoteInfo = Three20Style;
		};
		320D7DCCE32703ACAB9A45E2 /* PBXContainerItemProxy */ = {
			isa = PBXContainerItemProxy;
			containerPortal = 320D7DCCE32703ACAB9A45E0 /* Three20.xcodeproj */;
			proxyType = 1;
			remoteGlobalIDString = BEF31F390F352DF5000DE5D2;
			remoteInfo = Three20;
		};
		320D7DCCE32703ACAB9A45E6 /* PBXContainerItemProxy */ = {
			isa = PBXContainerItemProxy;
			containerPortal = 320D7DCCE32703ACAB9A45E0 /* Three20.xcodeproj */;
			proxyType = 2;
			remoteGlobalIDString = BEF31F3A0F352DF5000DE5D2;
			remoteInfo = Three20;
		};
		320F2C48872C2E2C4DF86202 /* PBXContainerItemProxy */ = {
			isa = PBXContainerItemProxy;
			containerPortal = 320F2C48872C2E2C4DF86200 /* Three20UI.xcodeproj */;
			proxyType = 1;
			remoteGlobalIDString = BEF31F390F352DF5000DE5D2;
			remoteInfo = Three20UI;
		};
		320F2C48872C2E2C4DF86206 /* PBXContainerItemProxy */ = {
			isa = PBXContainerItemProxy;
			containerPortal = 320F2C48872C2E2C4DF86200 /* Three20UI.xcodeproj */;
			proxyType = 2;
			remoteGlobalIDString = BEF31F3A0F352DF5000DE5D2;
			remoteInfo = Three20UI;
		};
		F437CB7312B3B69C0049F9C4 /* PBXContainerItemProxy */ = {
			isa = PBXContainerItemProxy;
			containerPortal = 3201088596B4756681693700 /* Three20UICommon.xcodeproj */;
			proxyType = 2;
			remoteGlobalIDString = 665A53761264D54B0032D0BE;
			remoteInfo = "Three20UICommon-Xcode3.2.5";
		};
		F437CB7512B3B69C0049F9C4 /* PBXContainerItemProxy */ = {
			isa = PBXContainerItemProxy;
			containerPortal = 3201088596B4756681693700 /* Three20UICommon.xcodeproj */;
			proxyType = 2;
			remoteGlobalIDString = 665A53E61264D6550032D0BE;
			remoteInfo = "Three20UICommon-Xcode3.2.2";
		};
		F437CB7712B3B69C0049F9C4 /* PBXContainerItemProxy */ = {
			isa = PBXContainerItemProxy;
			containerPortal = 3201088596B4756681693700 /* Three20UICommon.xcodeproj */;
			proxyType = 2;
			remoteGlobalIDString = EB9E6C6210B6A8F800DE563C;
			remoteInfo = Three20UICommonUnitTests;
		};
		F437CB7912B3B69C0049F9C4 /* PBXContainerItemProxy */ = {
			isa = PBXContainerItemProxy;
			containerPortal = 3201088596B4756681693700 /* Three20UICommon.xcodeproj */;
			proxyType = 2;
			remoteGlobalIDString = 665A53891264D54B0032D0BE;
			remoteInfo = "Three20UICommonUnitTests-Xcode3.2.5";
		};
		F437CB7B12B3B69C0049F9C4 /* PBXContainerItemProxy */ = {
			isa = PBXContainerItemProxy;
			containerPortal = 3201088596B4756681693700 /* Three20UICommon.xcodeproj */;
			proxyType = 2;
			remoteGlobalIDString = 665A53F81264D6550032D0BE;
			remoteInfo = "Three20UICommonUnitTests-Xcode3.2.2";
		};
		F437CB8212B3B69C0049F9C4 /* PBXContainerItemProxy */ = {
			isa = PBXContainerItemProxy;
			containerPortal = 320D7DCCE32703ACAB9A45E0 /* Three20.xcodeproj */;
			proxyType = 2;
			remoteGlobalIDString = 665A55DE126521740032D0BE;
			remoteInfo = "Three20-Xcode3.2.5";
		};
		F437CB8412B3B69C0049F9C4 /* PBXContainerItemProxy */ = {
			isa = PBXContainerItemProxy;
			containerPortal = 320D7DCCE32703ACAB9A45E0 /* Three20.xcodeproj */;
			proxyType = 2;
			remoteGlobalIDString = 66FE8F171265E968001E0674;
			remoteInfo = "Three20-Xcode3.2.2";
		};
		F437CB8612B3B69C0049F9C4 /* PBXContainerItemProxy */ = {
			isa = PBXContainerItemProxy;
			containerPortal = 320D7DCCE32703ACAB9A45E0 /* Three20.xcodeproj */;
			proxyType = 2;
			remoteGlobalIDString = EB9E6C6210B6A8F800DE563C;
			remoteInfo = Three20UnitTests;
		};
		F437CB8812B3B69C0049F9C4 /* PBXContainerItemProxy */ = {
			isa = PBXContainerItemProxy;
			containerPortal = 320D7DCCE32703ACAB9A45E0 /* Three20.xcodeproj */;
			proxyType = 2;
			remoteGlobalIDString = 665A55FB126521740032D0BE;
			remoteInfo = "Three20UnitTests-Xcode3.2.5";
		};
		F437CB8A12B3B69C0049F9C4 /* PBXContainerItemProxy */ = {
			isa = PBXContainerItemProxy;
			containerPortal = 320D7DCCE32703ACAB9A45E0 /* Three20.xcodeproj */;
			proxyType = 2;
			remoteGlobalIDString = 66FE8F371265E968001E0674;
			remoteInfo = "Three20UnitTests-Xcode3.2.2";
		};
		F437CB9112B3B69C0049F9C4 /* PBXContainerItemProxy */ = {
			isa = PBXContainerItemProxy;
			containerPortal = 320A737074758E53BA54BE90 /* Three20UINavigator.xcodeproj */;
			proxyType = 2;
			remoteGlobalIDString = 665A54521264DAF70032D0BE;
			remoteInfo = "Three20UINavigator-Xcode3.2.5";
		};
		F437CB9312B3B69C0049F9C4 /* PBXContainerItemProxy */ = {
			isa = PBXContainerItemProxy;
			containerPortal = 320A737074758E53BA54BE90 /* Three20UINavigator.xcodeproj */;
			proxyType = 2;
			remoteGlobalIDString = 66FE8BFA1264DBC3001E0674;
			remoteInfo = "Three20UINavigator-Xcode3.2.2";
		};
		F437CB9512B3B69C0049F9C4 /* PBXContainerItemProxy */ = {
			isa = PBXContainerItemProxy;
			containerPortal = 320A737074758E53BA54BE90 /* Three20UINavigator.xcodeproj */;
			proxyType = 2;
			remoteGlobalIDString = EB9E6C6210B6A8F800DE563C;
			remoteInfo = Three20UINavigatorUnitTests;
		};
		F437CB9712B3B69C0049F9C4 /* PBXContainerItemProxy */ = {
			isa = PBXContainerItemProxy;
			containerPortal = 320A737074758E53BA54BE90 /* Three20UINavigator.xcodeproj */;
			proxyType = 2;
			remoteGlobalIDString = 665A54681264DAF70032D0BE;
			remoteInfo = "Three20UINavigatorUnitTests-Xcode3.2.5";
		};
		F437CB9912B3B69C0049F9C4 /* PBXContainerItemProxy */ = {
			isa = PBXContainerItemProxy;
			containerPortal = 320A737074758E53BA54BE90 /* Three20UINavigator.xcodeproj */;
			proxyType = 2;
			remoteGlobalIDString = 66FE8C0F1264DBC3001E0674;
			remoteInfo = "Three20UINavigatorUnitTests-Xcode3.2.2";
		};
		F437CBA012B3B69C0049F9C4 /* PBXContainerItemProxy */ = {
			isa = PBXContainerItemProxy;
			containerPortal = 320A2827FEC940B25BC42C60 /* Three20Core.xcodeproj */;
			proxyType = 2;
			remoteGlobalIDString = 6650CAA21262F6E2003FF804;
			remoteInfo = "Three20Core-Xcode3.2.5";
		};
		F437CBA212B3B69C0049F9C4 /* PBXContainerItemProxy */ = {
			isa = PBXContainerItemProxy;
			containerPortal = 320A2827FEC940B25BC42C60 /* Three20Core.xcodeproj */;
			proxyType = 2;
			remoteGlobalIDString = 66C2E0FC1262F748006DF55A;
			remoteInfo = "Three20Core-Xcode3.2.2";
		};
		F437CBA412B3B69C0049F9C4 /* PBXContainerItemProxy */ = {
			isa = PBXContainerItemProxy;
			containerPortal = 320A2827FEC940B25BC42C60 /* Three20Core.xcodeproj */;
			proxyType = 2;
			remoteGlobalIDString = EB9E6C6210B6A8F800DE563C;
			remoteInfo = Three20CoreUnitTests;
		};
		F437CBA612B3B69C0049F9C4 /* PBXContainerItemProxy */ = {
			isa = PBXContainerItemProxy;
			containerPortal = 320A2827FEC940B25BC42C60 /* Three20Core.xcodeproj */;
			proxyType = 2;
			remoteGlobalIDString = 664961641262EE5000C2C80E;
			remoteInfo = "Three20CoreUnitTests-Xcode3.2.5";
		};
		F437CBA812B3B69C0049F9C4 /* PBXContainerItemProxy */ = {
			isa = PBXContainerItemProxy;
			containerPortal = 320A2827FEC940B25BC42C60 /* Three20Core.xcodeproj */;
			proxyType = 2;
			remoteGlobalIDString = 66F9A63C1262ED9F0059C2AE;
			remoteInfo = "Three20CoreUnitTests-Xcode3.2.2";
		};
		F437CBAF12B3B69C0049F9C4 /* PBXContainerItemProxy */ = {
			isa = PBXContainerItemProxy;
			containerPortal = 320F2C48872C2E2C4DF86200 /* Three20UI.xcodeproj */;
			proxyType = 2;
			remoteGlobalIDString = 66FC2BC81264E3A400F56B19;
			remoteInfo = "Three20UI-Xcode3.2.5";
		};
		F437CBB112B3B69C0049F9C4 /* PBXContainerItemProxy */ = {
			isa = PBXContainerItemProxy;
			containerPortal = 320F2C48872C2E2C4DF86200 /* Three20UI.xcodeproj */;
			proxyType = 2;
			remoteGlobalIDString = 66FE8DDE1264E960001E0674;
			remoteInfo = "Three20UI-Xcode3.2.2";
		};
		F437CBB312B3B69C0049F9C4 /* PBXContainerItemProxy */ = {
			isa = PBXContainerItemProxy;
			containerPortal = 320F2C48872C2E2C4DF86200 /* Three20UI.xcodeproj */;
			proxyType = 2;
			remoteGlobalIDString = EB9E6C6210B6A8F800DE563C;
			remoteInfo = Three20UIUnitTests;
		};
		F437CBB512B3B69C0049F9C4 /* PBXContainerItemProxy */ = {
			isa = PBXContainerItemProxy;
			containerPortal = 320F2C48872C2E2C4DF86200 /* Three20UI.xcodeproj */;
			proxyType = 2;
			remoteGlobalIDString = 66FC2BE61264E3A500F56B19;
			remoteInfo = "Three20UIUnitTests-Xcode3.2.5";
		};
		F437CBB712B3B69C0049F9C4 /* PBXContainerItemProxy */ = {
			isa = PBXContainerItemProxy;
			containerPortal = 320F2C48872C2E2C4DF86200 /* Three20UI.xcodeproj */;
			proxyType = 2;
			remoteGlobalIDString = 66FE8DFB1264E960001E0674;
			remoteInfo = "Three20UIUnitTests-Xcode3.2.2";
		};
		F437CBC012B3B69C0049F9C4 /* PBXContainerItemProxy */ = {
			isa = PBXContainerItemProxy;
			containerPortal = 320A5A189C235877202780D0 /* Three20Network.xcodeproj */;
			proxyType = 2;
			remoteGlobalIDString = 662D81EF12630516005851C2;
			remoteInfo = "Three20Network-Xcode3.2.5";
		};
		F437CBC212B3B69C0049F9C4 /* PBXContainerItemProxy */ = {
			isa = PBXContainerItemProxy;
			containerPortal = 320A5A189C235877202780D0 /* Three20Network.xcodeproj */;
			proxyType = 2;
			remoteGlobalIDString = 662D821612630527005851C2;
			remoteInfo = "Three20Network-Xcode3.2.2";
		};
		F437CBC412B3B69C0049F9C4 /* PBXContainerItemProxy */ = {
			isa = PBXContainerItemProxy;
			containerPortal = 320A5A189C235877202780D0 /* Three20Network.xcodeproj */;
			proxyType = 2;
			remoteGlobalIDString = EB9E6C6210B6A8F800DE563C;
			remoteInfo = Three20NetworkUnitTests;
		};
		F437CBC612B3B69C0049F9C4 /* PBXContainerItemProxy */ = {
			isa = PBXContainerItemProxy;
			containerPortal = 320A5A189C235877202780D0 /* Three20Network.xcodeproj */;
			proxyType = 2;
			remoteGlobalIDString = 662D81B2126304EB005851C2;
			remoteInfo = "Three20NetworkUnitTests-Xcode3.2.5";
		};
		F437CBC812B3B69C0049F9C4 /* PBXContainerItemProxy */ = {
			isa = PBXContainerItemProxy;
			containerPortal = 320A5A189C235877202780D0 /* Three20Network.xcodeproj */;
			proxyType = 2;
			remoteGlobalIDString = 662D81C7126304F3005851C2;
			remoteInfo = "Three20NetworkUnitTests-Xcode3.2.2";
		};
		F437CBCF12B3B69C0049F9C4 /* PBXContainerItemProxy */ = {
			isa = PBXContainerItemProxy;
			containerPortal = 320CC833B8AF0ACFD35E6220 /* Three20Style.xcodeproj */;
			proxyType = 2;
			remoteGlobalIDString = 66C16BE912639E2700A7825A;
			remoteInfo = "Three20Style-Xcode3.2.5";
		};
		F437CBD112B3B69C0049F9C4 /* PBXContainerItemProxy */ = {
			isa = PBXContainerItemProxy;
			containerPortal = 320CC833B8AF0ACFD35E6220 /* Three20Style.xcodeproj */;
			proxyType = 2;
			remoteGlobalIDString = 66846C7812639EE5001D2CF9;
			remoteInfo = "Three20Style-Xcode3.2.2";
		};
		F437CBD312B3B69C0049F9C4 /* PBXContainerItemProxy */ = {
			isa = PBXContainerItemProxy;
			containerPortal = 320CC833B8AF0ACFD35E6220 /* Three20Style.xcodeproj */;
			proxyType = 2;
			remoteGlobalIDString = EB9E6C6210B6A8F800DE563C;
			remoteInfo = Three20StyleUnitTests;
		};
		F437CBD512B3B69C0049F9C4 /* PBXContainerItemProxy */ = {
			isa = PBXContainerItemProxy;
			containerPortal = 320CC833B8AF0ACFD35E6220 /* Three20Style.xcodeproj */;
			proxyType = 2;
			remoteGlobalIDString = 66C16C0112639E4500A7825A;
			remoteInfo = "Three20StyleUnitTests-Xcode3.2.5";
		};
		F437CBD712B3B69C0049F9C4 /* PBXContainerItemProxy */ = {
			isa = PBXContainerItemProxy;
			containerPortal = 320CC833B8AF0ACFD35E6220 /* Three20Style.xcodeproj */;
			proxyType = 2;
			remoteGlobalIDString = 66846C9612639F29001D2CF9;
			remoteInfo = "Three20StyleUnitTests-Xcode3.2.2";
		};
/* End PBXContainerItemProxy section */

/* Begin PBXFileReference section */
		1D30AB110D05D00D00671497 /* Foundation.framework */ = {isa = PBXFileReference; lastKnownFileType = wrapper.framework; name = Foundation.framework; path = System/Library/Frameworks/Foundation.framework; sourceTree = SDKROOT; };
		1D3623240D0F684500981E51 /* TheCarltonAppDelegate.h */ = {isa = PBXFileReference; fileEncoding = 4; lastKnownFileType = sourcecode.c.h; path = TheCarltonAppDelegate.h; sourceTree = "<group>"; };
		1D3623250D0F684500981E51 /* TheCarltonAppDelegate.m */ = {isa = PBXFileReference; fileEncoding = 4; lastKnownFileType = sourcecode.c.objc; path = TheCarltonAppDelegate.m; sourceTree = "<group>"; };
		1D6058910D05DD3D006BFB54 /* TheCarlton.app */ = {isa = PBXFileReference; explicitFileType = wrapper.application; includeInIndex = 0; path = TheCarlton.app; sourceTree = BUILT_PRODUCTS_DIR; };
		1DF5F4DF0D08C38300B7A737 /* UIKit.framework */ = {isa = PBXFileReference; lastKnownFileType = wrapper.framework; name = UIKit.framework; path = System/Library/Frameworks/UIKit.framework; sourceTree = SDKROOT; };
		288765FC0DF74451002DB57D /* CoreGraphics.framework */ = {isa = PBXFileReference; lastKnownFileType = wrapper.framework; name = CoreGraphics.framework; path = System/Library/Frameworks/CoreGraphics.framework; sourceTree = SDKROOT; };
		28AD733E0D9D9553002E5188 /* MainWindow.xib */ = {isa = PBXFileReference; lastKnownFileType = file.xib; path = MainWindow.xib; sourceTree = "<group>"; };
		29B97316FDCFA39411CA2CEA /* main.m */ = {isa = PBXFileReference; fileEncoding = 4; lastKnownFileType = sourcecode.c.objc; path = main.m; sourceTree = "<group>"; };
		3201088596B4756681693700 /* Three20UICommon.xcodeproj */ = {isa = PBXFileReference; lastKnownFileType = "wrapper.pb-project"; name = Three20UICommon.xcodeproj; path = ../three20/src/Three20UICommon/Three20UICommon.xcodeproj; sourceTree = SOURCE_ROOT; };
		320A2827FEC940B25BC42C60 /* Three20Core.xcodeproj */ = {isa = PBXFileReference; lastKnownFileType = "wrapper.pb-project"; name = Three20Core.xcodeproj; path = ../three20/src/Three20Core/Three20Core.xcodeproj; sourceTree = SOURCE_ROOT; };
		320A5A189C235877202780D0 /* Three20Network.xcodeproj */ = {isa = PBXFileReference; lastKnownFileType = "wrapper.pb-project"; name = Three20Network.xcodeproj; path = ../three20/src/Three20Network/Three20Network.xcodeproj; sourceTree = SOURCE_ROOT; };
		320A737074758E53BA54BE90 /* Three20UINavigator.xcodeproj */ = {isa = PBXFileReference; lastKnownFileType = "wrapper.pb-project"; name = Three20UINavigator.xcodeproj; path = ../three20/src/Three20UINavigator/Three20UINavigator.xcodeproj; sourceTree = SOURCE_ROOT; };
		320AF8492C47A4D819F7C450 /* QuartzCore.framework */ = {isa = PBXFileReference; lastKnownFileType = wrapper.framework; name = QuartzCore.framework; path = System/Library/Frameworks/QuartzCore.framework; sourceTree = SDK_ROOT; };
		320B6C86F11D9990244A9730 /* Three20.bundle */ = {isa = PBXFileReference; lastKnownFileType = "wrapper.plug-in"; name = Three20.bundle; path = ../three20/src/Three20.bundle; sourceTree = SOURCE_ROOT; };
		320CC833B8AF0ACFD35E6220 /* Three20Style.xcodeproj */ = {isa = PBXFileReference; lastKnownFileType = "wrapper.pb-project"; name = Three20Style.xcodeproj; path = ../three20/src/Three20Style/Three20Style.xcodeproj; sourceTree = SOURCE_ROOT; };
		320D7DCCE32703ACAB9A45E0 /* Three20.xcodeproj */ = {isa = PBXFileReference; lastKnownFileType = "wrapper.pb-project"; name = Three20.xcodeproj; path = ../three20/src/Three20/Three20.xcodeproj; sourceTree = SOURCE_ROOT; };
		320F2C48872C2E2C4DF86200 /* Three20UI.xcodeproj */ = {isa = PBXFileReference; lastKnownFileType = "wrapper.pb-project"; name = Three20UI.xcodeproj; path = ../three20/src/Three20UI/Three20UI.xcodeproj; sourceTree = SOURCE_ROOT; };
		32CA4F630368D1EE00C91783 /* TheCarlton_Prefix.pch */ = {isa = PBXFileReference; fileEncoding = 4; lastKnownFileType = sourcecode.c.h; path = TheCarlton_Prefix.pch; sourceTree = "<group>"; };
		8D1107310486CEB800E47090 /* TheCarlton-Info.plist */ = {isa = PBXFileReference; fileEncoding = 4; lastKnownFileType = text.plist.xml; path = "TheCarlton-Info.plist"; plistStructureDefinitionIdentifier = "com.apple.xcode.plist.structure-definition.iphone.info-plist"; sourceTree = "<group>"; };
		F425061612B49F590016CD6B /* RemoteImage.h */ = {isa = PBXFileReference; fileEncoding = 4; lastKnownFileType = sourcecode.c.h; path = RemoteImage.h; sourceTree = "<group>"; };
		F425061712B49F590016CD6B /* RemoteImage.m */ = {isa = PBXFileReference; fileEncoding = 4; lastKnownFileType = sourcecode.c.objc; path = RemoteImage.m; sourceTree = "<group>"; };
		F42506E512B4BC240016CD6B /* RemoteDictionary.h */ = {isa = PBXFileReference; fileEncoding = 4; lastKnownFileType = sourcecode.c.h; path = RemoteDictionary.h; sourceTree = "<group>"; };
		F42506E612B4BC240016CD6B /* RemoteDictionary.m */ = {isa = PBXFileReference; fileEncoding = 4; lastKnownFileType = sourcecode.c.objc; path = RemoteDictionary.m; sourceTree = "<group>"; };
		F42507AC12B4CFC50016CD6B /* DetailViewController.h */ = {isa = PBXFileReference; fileEncoding = 4; lastKnownFileType = sourcecode.c.h; path = DetailViewController.h; sourceTree = "<group>"; };
		F42507AD12B4CFC50016CD6B /* DetailViewController.m */ = {isa = PBXFileReference; fileEncoding = 4; lastKnownFileType = sourcecode.c.objc; path = DetailViewController.m; sourceTree = "<group>"; };
		F42507AE12B4CFC50016CD6B /* DetailView.xib */ = {isa = PBXFileReference; lastKnownFileType = file.xib; path = DetailView.xib; sourceTree = "<group>"; };
		F42507AF12B4CFC50016CD6B /* MenuRootViewController.h */ = {isa = PBXFileReference; fileEncoding = 4; lastKnownFileType = sourcecode.c.h; path = MenuRootViewController.h; sourceTree = "<group>"; };
		F42507B012B4CFC50016CD6B /* MenuRootViewController.m */ = {isa = PBXFileReference; fileEncoding = 4; lastKnownFileType = sourcecode.c.objc; path = MenuRootViewController.m; sourceTree = "<group>"; };
		F42507B112B4CFC50016CD6B /* MenuRootViewController.xib */ = {isa = PBXFileReference; lastKnownFileType = file.xib; path = MenuRootViewController.xib; sourceTree = "<group>"; };
		F42507ED12B4DBD40016CD6B /* logogreen.png */ = {isa = PBXFileReference; lastKnownFileType = image.png; path = logogreen.png; sourceTree = "<group>"; };
		F425080112B4DDF90016CD6B /* SyncViewController.h */ = {isa = PBXFileReference; fileEncoding = 4; lastKnownFileType = sourcecode.c.h; path = SyncViewController.h; sourceTree = "<group>"; };
		F425080212B4DDF90016CD6B /* SyncViewController.m */ = {isa = PBXFileReference; fileEncoding = 4; lastKnownFileType = sourcecode.c.objc; path = SyncViewController.m; sourceTree = "<group>"; };
		F425080312B4DDF90016CD6B /* SyncViewController.xib */ = {isa = PBXFileReference; lastKnownFileType = file.xib; path = SyncViewController.xib; sourceTree = "<group>"; };
		F42508BD12B4F9550016CD6B /* Default.png */ = {isa = PBXFileReference; lastKnownFileType = image.png; path = Default.png; sourceTree = "<group>"; };
		F42508BE12B4F9550016CD6B /* Icon-Small.png */ = {isa = PBXFileReference; lastKnownFileType = image.png; path = "Icon-Small.png"; sourceTree = "<group>"; };
		F42508BF12B4F9550016CD6B /* Icon-Small@2x.png */ = {isa = PBXFileReference; lastKnownFileType = image.png; path = "Icon-Small@2x.png"; sourceTree = "<group>"; };
		F42508C012B4F9550016CD6B /* Icon.png */ = {isa = PBXFileReference; lastKnownFileType = image.png; path = Icon.png; sourceTree = "<group>"; };
		F42508C112B4F9550016CD6B /* Icon@2x.png */ = {isa = PBXFileReference; lastKnownFileType = image.png; path = "Icon@2x.png"; sourceTree = "<group>"; };
		F42508C212B4F9550016CD6B /* iTunesArtwork */ = {isa = PBXFileReference; lastKnownFileType = file; path = iTunesArtwork; sourceTree = "<group>"; };
		F42508DC12B4FC960016CD6B /* LocateViewController.h */ = {isa = PBXFileReference; fileEncoding = 4; lastKnownFileType = sourcecode.c.h; path = LocateViewController.h; sourceTree = "<group>"; };
		F42508DD12B4FC960016CD6B /* LocateViewController.m */ = {isa = PBXFileReference; fileEncoding = 4; lastKnownFileType = sourcecode.c.objc; path = LocateViewController.m; sourceTree = "<group>"; };
		F42508DE12B4FC960016CD6B /* LocateViewController.xib */ = {isa = PBXFileReference; lastKnownFileType = file.xib; path = LocateViewController.xib; sourceTree = "<group>"; };
		F42508DF12B4FC960016CD6B /* ContactViewController.h */ = {isa = PBXFileReference; fileEncoding = 4; lastKnownFileType = sourcecode.c.h; path = ContactViewController.h; sourceTree = "<group>"; };
		F42508E012B4FC960016CD6B /* ContactViewController.m */ = {isa = PBXFileReference; fileEncoding = 4; lastKnownFileType = sourcecode.c.objc; path = ContactViewController.m; sourceTree = "<group>"; };
		F42508E112B4FC960016CD6B /* ContactViewController.xib */ = {isa = PBXFileReference; lastKnownFileType = file.xib; path = ContactViewController.xib; sourceTree = "<group>"; };
		F42508E212B4FC960016CD6B /* ContactTableController.h */ = {isa = PBXFileReference; fileEncoding = 4; lastKnownFileType = sourcecode.c.h; path = ContactTableController.h; sourceTree = "<group>"; };
		F42508E312B4FC960016CD6B /* ContactTableController.m */ = {isa = PBXFileReference; fileEncoding = 4; lastKnownFileType = sourcecode.c.objc; path = ContactTableController.m; sourceTree = "<group>"; };
		F437CBE012B3B6F40049F9C4 /* 18-envelope.png */ = {isa = PBXFileReference; lastKnownFileType = image.png; path = "18-envelope.png"; sourceTree = "<group>"; };
		F437CBE112B3B6F40049F9C4 /* 53-house.png */ = {isa = PBXFileReference; lastKnownFileType = image.png; path = "53-house.png"; sourceTree = "<group>"; };
		F437CBE212B3B6F40049F9C4 /* appsettings.png */ = {isa = PBXFileReference; lastKnownFileType = image.png; path = appsettings.png; sourceTree = "<group>"; };
		F437CBE312B3B6F40049F9C4 /* bookings.png */ = {isa = PBXFileReference; lastKnownFileType = image.png; path = bookings.png; sourceTree = "<group>"; };
		F437CBE412B3B6F40049F9C4 /* buttonimg.png */ = {isa = PBXFileReference; lastKnownFileType = image.png; path = buttonimg.png; sourceTree = "<group>"; };
		F437CBE512B3B6F40049F9C4 /* cameraimg.png */ = {isa = PBXFileReference; lastKnownFileType = image.png; path = cameraimg.png; sourceTree = "<group>"; };
		F437CBE612B3B6F40049F9C4 /* checkin.png */ = {isa = PBXFileReference; lastKnownFileType = image.png; path = checkin.png; sourceTree = "<group>"; };
		F437CBE712B3B6F40049F9C4 /* contact.png */ = {isa = PBXFileReference; lastKnownFileType = image.png; path = contact.png; sourceTree = "<group>"; };
		F437CBE812B3B6F40049F9C4 /* free.png */ = {isa = PBXFileReference; lastKnownFileType = image.png; path = free.png; sourceTree = "<group>"; };
		F437CBE912B3B6F40049F9C4 /* logo.png */ = {isa = PBXFileReference; lastKnownFileType = image.png; path = logo.png; sourceTree = "<group>"; };
		F437CBEA12B3B6F40049F9C4 /* menu.png */ = {isa = PBXFileReference; lastKnownFileType = image.png; path = menu.png; sourceTree = "<group>"; };
		F437CBEB12B3B6F40049F9C4 /* navbarbg.png */ = {isa = PBXFileReference; lastKnownFileType = image.png; path = navbarbg.png; sourceTree = "<group>"; };
		F437CBEC12B3B6F40049F9C4 /* news.png */ = {isa = PBXFileReference; lastKnownFileType = image.png; path = news.png; sourceTree = "<group>"; };
		F437CBED12B3B6F40049F9C4 /* phone.png */ = {isa = PBXFileReference; lastKnownFileType = image.png; path = phone.png; sourceTree = "<group>"; };
		F437CBEE12B3B6F40049F9C4 /* settings.png */ = {isa = PBXFileReference; lastKnownFileType = image.png; path = settings.png; sourceTree = "<group>"; };
		F437CBEF12B3B6F40049F9C4 /* share.png */ = {isa = PBXFileReference; lastKnownFileType = image.png; path = share.png; sourceTree = "<group>"; };
		F437CC0012B3B7090049F9C4 /* bg.jpg */ = {isa = PBXFileReference; lastKnownFileType = image.jpeg; path = bg.jpg; sourceTree = "<group>"; };
		F437CC4512B3B90F0049F9C4 /* Settings.bundle */ = {isa = PBXFileReference; lastKnownFileType = "wrapper.plug-in"; path = Settings.bundle; sourceTree = "<group>"; };
		F437CC6412B3BABC0049F9C4 /* LauncherViewController.h */ = {isa = PBXFileReference; fileEncoding = 4; lastKnownFileType = sourcecode.c.h; path = LauncherViewController.h; sourceTree = "<group>"; };
		F437CC6512B3BABC0049F9C4 /* LauncherViewController.m */ = {isa = PBXFileReference; fileEncoding = 4; lastKnownFileType = sourcecode.c.objc; path = LauncherViewController.m; sourceTree = "<group>"; };
		F437CC6612B3BABC0049F9C4 /* LauncherViewController.xib */ = {isa = PBXFileReference; lastKnownFileType = file.xib; path = LauncherViewController.xib; sourceTree = "<group>"; };
		F437CCE812B3BFF90049F9C4 /* BoxViewController.h */ = {isa = PBXFileReference; fileEncoding = 4; lastKnownFileType = sourcecode.c.h; path = BoxViewController.h; sourceTree = "<group>"; };
		F437CCE912B3BFF90049F9C4 /* BoxViewController.m */ = {isa = PBXFileReference; fileEncoding = 4; lastKnownFileType = sourcecode.c.objc; path = BoxViewController.m; sourceTree = "<group>"; };
		F437CCEA12B3BFF90049F9C4 /* BoxViewController.xib */ = {isa = PBXFileReference; lastKnownFileType = file.xib; path = BoxViewController.xib; sourceTree = "<group>"; };
		F437CD0412B3C69F0049F9C4 /* CameraViewController.h */ = {isa = PBXFileReference; fileEncoding = 4; lastKnownFileType = sourcecode.c.h; path = CameraViewController.h; sourceTree = "<group>"; };
		F437CD0512B3C69F0049F9C4 /* CameraViewController.m */ = {isa = PBXFileReference; fileEncoding = 4; lastKnownFileType = sourcecode.c.objc; path = CameraViewController.m; sourceTree = "<group>"; };
		F437CD0712B3C7FA0049F9C4 /* OverlayViewController.h */ = {isa = PBXFileReference; fileEncoding = 4; lastKnownFileType = sourcecode.c.h; path = OverlayViewController.h; sourceTree = "<group>"; };
		F437CD0812B3C7FA0049F9C4 /* OverlayViewController.m */ = {isa = PBXFileReference; fileEncoding = 4; lastKnownFileType = sourcecode.c.objc; path = OverlayViewController.m; sourceTree = "<group>"; };
		F437CD2912B3CB480049F9C4 /* AudioToolbox.framework */ = {isa = PBXFileReference; lastKnownFileType = wrapper.framework; name = AudioToolbox.framework; path = System/Library/Frameworks/AudioToolbox.framework; sourceTree = SDKROOT; };
		F437CD7D12B3CF080049F9C4 /* tick.aiff */ = {isa = PBXFileReference; lastKnownFileType = audio.aiff; path = tick.aiff; sourceTree = "<group>"; };
		F437CD9912B3CF640049F9C4 /* en */ = {isa = PBXFileReference; lastKnownFileType = file.xib; name = en; path = en.lproj/OverlayViewController.xib; sourceTree = "<group>"; };
/* End PBXFileReference section */

/* Begin PBXFrameworksBuildPhase section */
		1D60588F0D05DD3D006BFB54 /* Frameworks */ = {
			isa = PBXFrameworksBuildPhase;
			buildActionMask = 2147483647;
			files = (
				3201088596B4756681693705 /* libThree20UICommon.a in Frameworks */,
				320D7DCCE32703ACAB9A45E5 /* libThree20.a in Frameworks */,
				320A737074758E53BA54BE95 /* libThree20UINavigator.a in Frameworks */,
				320A2827FEC940B25BC42C65 /* libThree20Core.a in Frameworks */,
				320F2C48872C2E2C4DF86205 /* libThree20UI.a in Frameworks */,
				320AF8492C47A4D819F7C451 /* QuartzCore.framework in Frameworks */,
				320A5A189C235877202780D5 /* libThree20Network.a in Frameworks */,
				320CC833B8AF0ACFD35E6225 /* libThree20Style.a in Frameworks */,
				1D60589F0D05DD5A006BFB54 /* Foundation.framework in Frameworks */,
				1DF5F4E00D08C38300B7A737 /* UIKit.framework in Frameworks */,
				288765FD0DF74451002DB57D /* CoreGraphics.framework in Frameworks */,
				F437CD2A12B3CB480049F9C4 /* AudioToolbox.framework in Frameworks */,
			);
			runOnlyForDeploymentPostprocessing = 0;
		};
/* End PBXFrameworksBuildPhase section */

/* Begin PBXGroup section */
		080E96DDFE201D6D7F000001 /* Classes */ = {
			isa = PBXGroup;
			children = (
				F42508DA12B4FC960016CD6B /* Contact */,
				F42507FB12B4DDB70016CD6B /* Sync */,
				F42507A412B4CF510016CD6B /* Menu */,
				F425061212B49EB20016CD6B /* Common */,
				F437CD0312B3C66A0049F9C4 /* Camera */,
				F437CCE712B3BFF90049F9C4 /* Box */,
				F437CC6312B3BABC0049F9C4 /* Launcher */,
				1D3623240D0F684500981E51 /* TheCarltonAppDelegate.h */,
				1D3623250D0F684500981E51 /* TheCarltonAppDelegate.m */,
			);
			path = Classes;
			sourceTree = "<group>";
		};
		19C28FACFE9D520D11CA2CBB /* Products */ = {
			isa = PBXGroup;
			children = (
				1D6058910D05DD3D006BFB54 /* TheCarlton.app */,
			);
			name = Products;
			sourceTree = "<group>";
		};
		29B97314FDCFA39411CA2CEA /* CustomTemplate */ = {
			isa = PBXGroup;
			children = (
				080E96DDFE201D6D7F000001 /* Classes */,
				29B97315FDCFA39411CA2CEA /* Other Sources */,
				29B97317FDCFA39411CA2CEA /* Resources */,
				29B97323FDCFA39411CA2CEA /* Frameworks */,
				19C28FACFE9D520D11CA2CBB /* Products */,
				F437CD2912B3CB480049F9C4 /* AudioToolbox.framework */,
			);
			name = CustomTemplate;
			sourceTree = "<group>";
		};
		29B97315FDCFA39411CA2CEA /* Other Sources */ = {
			isa = PBXGroup;
			children = (
				32CA4F630368D1EE00C91783 /* TheCarlton_Prefix.pch */,
				29B97316FDCFA39411CA2CEA /* main.m */,
			);
			name = "Other Sources";
			sourceTree = "<group>";
		};
		29B97317FDCFA39411CA2CEA /* Resources */ = {
			isa = PBXGroup;
			children = (
				F437CD7912B3CEF30049F9C4 /* Sounds */,
				F437CC4512B3B90F0049F9C4 /* Settings.bundle */,
				F437CBDF12B3B6E30049F9C4 /* images */,
				320B6C86F11D9990244A9730 /* Three20.bundle */,
				28AD733E0D9D9553002E5188 /* MainWindow.xib */,
				8D1107310486CEB800E47090 /* TheCarlton-Info.plist */,
			);
			name = Resources;
			sourceTree = "<group>";
		};
		29B97323FDCFA39411CA2CEA /* Frameworks */ = {
			isa = PBXGroup;
			children = (
				3201088596B4756681693700 /* Three20UICommon.xcodeproj */,
				320D7DCCE32703ACAB9A45E0 /* Three20.xcodeproj */,
				320A737074758E53BA54BE90 /* Three20UINavigator.xcodeproj */,
				320A2827FEC940B25BC42C60 /* Three20Core.xcodeproj */,
				320F2C48872C2E2C4DF86200 /* Three20UI.xcodeproj */,
				320AF8492C47A4D819F7C450 /* QuartzCore.framework */,
				320A5A189C235877202780D0 /* Three20Network.xcodeproj */,
				320CC833B8AF0ACFD35E6220 /* Three20Style.xcodeproj */,
				1DF5F4DF0D08C38300B7A737 /* UIKit.framework */,
				1D30AB110D05D00D00671497 /* Foundation.framework */,
				288765FC0DF74451002DB57D /* CoreGraphics.framework */,
			);
			name = Frameworks;
			sourceTree = "<group>";
		};
		3201088596B4756681693703 /* Products */ = {
			isa = PBXGroup;
			children = (
				3201088596B4756681693704 /* libThree20UICommon.a */,
				F437CB7412B3B69C0049F9C4 /* libThree20UICommon-Xcode3.2.5.a */,
				F437CB7612B3B69C0049F9C4 /* libThree20UICommon-Xcode3.2.2.a */,
				F437CB7812B3B69C0049F9C4 /* UICommonUnitTests.octest */,
				F437CB7A12B3B69C0049F9C4 /* UICommonUnitTests-Xcode3.2.5.octest */,
				F437CB7C12B3B69C0049F9C4 /* UICommonUnitTests-Xcode3.2.2.octest */,
			);
			name = Products;
			sourceTree = "<group>";
		};
		320A2827FEC940B25BC42C63 /* Products */ = {
			isa = PBXGroup;
			children = (
				320A2827FEC940B25BC42C64 /* libThree20Core.a */,
				F437CBA112B3B69C0049F9C4 /* libThree20Core-Xcode3.2.5.a */,
				F437CBA312B3B69C0049F9C4 /* libThree20Core-Xcode3.2.2.a */,
				F437CBA512B3B69C0049F9C4 /* CoreUnitTests.octest */,
				F437CBA712B3B69C0049F9C4 /* CoreUnitTests-Xcode3.2.5.octest */,
				F437CBA912B3B69C0049F9C4 /* CoreUnitTests-Xcode3.2.2.octest */,
			);
			name = Products;
			sourceTree = "<group>";
		};
		320A5A189C235877202780D3 /* Products */ = {
			isa = PBXGroup;
			children = (
				320A5A189C235877202780D4 /* libThree20Network.a */,
				F437CBC112B3B69C0049F9C4 /* libThree20Network-Xcode3.2.5.a */,
				F437CBC312B3B69C0049F9C4 /* libThree20Network-Xcode3.2.2.a */,
				F437CBC512B3B69C0049F9C4 /* NetworkUnitTests.octest */,
				F437CBC712B3B69C0049F9C4 /* NetworkUnitTests-Xcode3.2.5.octest */,
				F437CBC912B3B69C0049F9C4 /* NetworkUnitTests-Xcode3.2.2.octest */,
			);
			name = Products;
			sourceTree = "<group>";
		};
		320A737074758E53BA54BE93 /* Products */ = {
			isa = PBXGroup;
			children = (
				320A737074758E53BA54BE94 /* libThree20UINavigator.a */,
				F437CB9212B3B69C0049F9C4 /* libThree20UINavigator-Xcode3.2.5.a */,
				F437CB9412B3B69C0049F9C4 /* libThree20UINavigator-Xcode3.2.2.a */,
				F437CB9612B3B69C0049F9C4 /* UINavigatorUnitTests.octest */,
				F437CB9812B3B69C0049F9C4 /* UINavigatorUnitTests-Xcode3.2.5.octest */,
				F437CB9A12B3B69C0049F9C4 /* UINavigatorUnitTests-Xcode3.2.2.octest */,
			);
			name = Products;
			sourceTree = "<group>";
		};
		320CC833B8AF0ACFD35E6223 /* Products */ = {
			isa = PBXGroup;
			children = (
				320CC833B8AF0ACFD35E6224 /* libThree20Style.a */,
				F437CBD012B3B69C0049F9C4 /* libThree20Style-Xcode3.2.5.a */,
				F437CBD212B3B69C0049F9C4 /* libThree20Style-Xcode3.2.2.a */,
				F437CBD412B3B69C0049F9C4 /* StyleUnitTests.octest */,
				F437CBD612B3B69C0049F9C4 /* StyleUnitTests-Xcode3.2.5.octest */,
				F437CBD812B3B69C0049F9C4 /* StyleUnitTests-Xcode3.2.2.octest */,
			);
			name = Products;
			sourceTree = "<group>";
		};
		320D7DCCE32703ACAB9A45E3 /* Products */ = {
			isa = PBXGroup;
			children = (
				320D7DCCE32703ACAB9A45E4 /* libThree20.a */,
				F437CB8312B3B69C0049F9C4 /* libThree20-Xcode3.2.5.a */,
				F437CB8512B3B69C0049F9C4 /* libThree20-Xcode3.2.2.a */,
				F437CB8712B3B69C0049F9C4 /* Three20UnitTests.octest */,
				F437CB8912B3B69C0049F9C4 /* Three20UnitTests-Xcode3.2.5.octest */,
				F437CB8B12B3B69C0049F9C4 /* Three20UnitTests-Xcode3.2.2.octest */,
			);
			name = Products;
			sourceTree = "<group>";
		};
		320F2C48872C2E2C4DF86203 /* Products */ = {
			isa = PBXGroup;
			children = (
				320F2C48872C2E2C4DF86204 /* libThree20UI.a */,
				F437CBB012B3B69C0049F9C4 /* libThree20UI-Xcode3.2.5.a */,
				F437CBB212B3B69C0049F9C4 /* libThree20UI-Xcode3.2.2.a */,
				F437CBB412B3B69C0049F9C4 /* UIUnitTests.octest */,
				F437CBB612B3B69C0049F9C4 /* UIUnitTests-Xcode3.2.5.octest */,
				F437CBB812B3B69C0049F9C4 /* UIUnitTests-Xcode3.2.2.octest */,
			);
			name = Products;
			sourceTree = "<group>";
		};
		F425061212B49EB20016CD6B /* Common */ = {
			isa = PBXGroup;
			children = (
				F425061612B49F590016CD6B /* RemoteImage.h */,
				F425061712B49F590016CD6B /* RemoteImage.m */,
				F42506E512B4BC240016CD6B /* RemoteDictionary.h */,
				F42506E612B4BC240016CD6B /* RemoteDictionary.m */,
			);
			name = Common;
			sourceTree = "<group>";
		};
		F42507A412B4CF510016CD6B /* Menu */ = {
			isa = PBXGroup;
			children = (
				F42507AC12B4CFC50016CD6B /* DetailViewController.h */,
				F42507AD12B4CFC50016CD6B /* DetailViewController.m */,
				F42507AE12B4CFC50016CD6B /* DetailView.xib */,
				F42507AF12B4CFC50016CD6B /* MenuRootViewController.h */,
				F42507B012B4CFC50016CD6B /* MenuRootViewController.m */,
				F42507B112B4CFC50016CD6B /* MenuRootViewController.xib */,
			);
			name = Menu;
			sourceTree = "<group>";
		};
		F42507FB12B4DDB70016CD6B /* Sync */ = {
			isa = PBXGroup;
			children = (
				F425080112B4DDF90016CD6B /* SyncViewController.h */,
				F425080212B4DDF90016CD6B /* SyncViewController.m */,
				F425080312B4DDF90016CD6B /* SyncViewController.xib */,
			);
			name = Sync;
			sourceTree = "<group>";
		};
		F42508DA12B4FC960016CD6B /* Contact */ = {
			isa = PBXGroup;
			children = (
				F42508DF12B4FC960016CD6B /* ContactViewController.h */,
				F42508E012B4FC960016CD6B /* ContactViewController.m */,
				F42508E112B4FC960016CD6B /* ContactViewController.xib */,
				F42508E212B4FC960016CD6B /* ContactTableController.h */,
				F42508E312B4FC960016CD6B /* ContactTableController.m */,
				F42508DB12B4FC960016CD6B /* Locate */,
			);
			name = Contact;
			sourceTree = "<group>";
		};
		F42508DB12B4FC960016CD6B /* Locate */ = {
			isa = PBXGroup;
			children = (
				F42508DC12B4FC960016CD6B /* LocateViewController.h */,
				F42508DD12B4FC960016CD6B /* LocateViewController.m */,
				F42508DE12B4FC960016CD6B /* LocateViewController.xib */,
			);
			name = Locate;
			sourceTree = "<group>";
		};
		F437CBDF12B3B6E30049F9C4 /* images */ = {
			isa = PBXGroup;
			children = (
				F42508BD12B4F9550016CD6B /* Default.png */,
				F42508BE12B4F9550016CD6B /* Icon-Small.png */,
				F42508BF12B4F9550016CD6B /* Icon-Small@2x.png */,
				F42508C012B4F9550016CD6B /* Icon.png */,
				F42508C112B4F9550016CD6B /* Icon@2x.png */,
				F42508C212B4F9550016CD6B /* iTunesArtwork */,
				F42507ED12B4DBD40016CD6B /* logogreen.png */,
				F437CC0012B3B7090049F9C4 /* bg.jpg */,
				F437CBE012B3B6F40049F9C4 /* 18-envelope.png */,
				F437CBE112B3B6F40049F9C4 /* 53-house.png */,
				F437CBE212B3B6F40049F9C4 /* appsettings.png */,
				F437CBE312B3B6F40049F9C4 /* bookings.png */,
				F437CBE412B3B6F40049F9C4 /* buttonimg.png */,
				F437CBE512B3B6F40049F9C4 /* cameraimg.png */,
				F437CBE612B3B6F40049F9C4 /* checkin.png */,
				F437CBE712B3B6F40049F9C4 /* contact.png */,
				F437CBE812B3B6F40049F9C4 /* free.png */,
				F437CBE912B3B6F40049F9C4 /* logo.png */,
				F437CBEA12B3B6F40049F9C4 /* menu.png */,
				F437CBEB12B3B6F40049F9C4 /* navbarbg.png */,
				F437CBEC12B3B6F40049F9C4 /* news.png */,
				F437CBED12B3B6F40049F9C4 /* phone.png */,
				F437CBEE12B3B6F40049F9C4 /* settings.png */,
				F437CBEF12B3B6F40049F9C4 /* share.png */,
			);
			name = images;
			sourceTree = "<group>";
		};
		F437CC6312B3BABC0049F9C4 /* Launcher */ = {
			isa = PBXGroup;
			children = (
				F437CC6412B3BABC0049F9C4 /* LauncherViewController.h */,
				F437CC6512B3BABC0049F9C4 /* LauncherViewController.m */,
				F437CC6612B3BABC0049F9C4 /* LauncherViewController.xib */,
			);
			name = Launcher;
			sourceTree = "<group>";
		};
		F437CCE712B3BFF90049F9C4 /* Box */ = {
			isa = PBXGroup;
			children = (
				F437CCE812B3BFF90049F9C4 /* BoxViewController.h */,
				F437CCE912B3BFF90049F9C4 /* BoxViewController.m */,
				F437CCEA12B3BFF90049F9C4 /* BoxViewController.xib */,
			);
			name = Box;
			sourceTree = "<group>";
		};
		F437CD0312B3C66A0049F9C4 /* Camera */ = {
			isa = PBXGroup;
			children = (
				F437CD0412B3C69F0049F9C4 /* CameraViewController.h */,
				F437CD0512B3C69F0049F9C4 /* CameraViewController.m */,
				F437CD0712B3C7FA0049F9C4 /* OverlayViewController.h */,
				F437CD0812B3C7FA0049F9C4 /* OverlayViewController.m */,
				F437CD9812B3CF640049F9C4 /* OverlayViewController.xib */,
			);
			name = Camera;
			sourceTree = "<group>";
		};
		F437CD7912B3CEF30049F9C4 /* Sounds */ = {
			isa = PBXGroup;
			children = (
				F437CD7D12B3CF080049F9C4 /* tick.aiff */,
			);
			name = Sounds;
			sourceTree = "<group>";
		};
/* End PBXGroup section */

/* Begin PBXNativeTarget section */
		1D6058900D05DD3D006BFB54 /* TheCarlton */ = {
			isa = PBXNativeTarget;
			buildConfigurationList = 1D6058960D05DD3E006BFB54 /* Build configuration list for PBXNativeTarget "TheCarlton" */;
			buildPhases = (
				1D60588D0D05DD3D006BFB54 /* Resources */,
				1D60588E0D05DD3D006BFB54 /* Sources */,
				1D60588F0D05DD3D006BFB54 /* Frameworks */,
			);
			buildRules = (
			);
			dependencies = (
				3201088596B4756681693701 /* PBXTargetDependency */,
				320D7DCCE32703ACAB9A45E1 /* PBXTargetDependency */,
				320A737074758E53BA54BE91 /* PBXTargetDependency */,
				320A2827FEC940B25BC42C61 /* PBXTargetDependency */,
				320F2C48872C2E2C4DF86201 /* PBXTargetDependency */,
				320A5A189C235877202780D1 /* PBXTargetDependency */,
				320CC833B8AF0ACFD35E6221 /* PBXTargetDependency */,
			);
			name = TheCarlton;
			productName = TheCarlton;
			productReference = 1D6058910D05DD3D006BFB54 /* TheCarlton.app */;
			productType = "com.apple.product-type.application";
		};
/* End PBXNativeTarget section */

/* Begin PBXProject section */
		29B97313FDCFA39411CA2CEA /* Project object */ = {
			isa = PBXProject;
			buildConfigurationList = C01FCF4E08A954540054247B /* Build configuration list for PBXProject "TheCarlton" */;
			compatibilityVersion = "Xcode 3.1";
			developmentRegion = English;
			hasScannedForEncodings = 1;
			knownRegions = (
				English,
				Japanese,
				French,
				German,
				en,
			);
			mainGroup = 29B97314FDCFA39411CA2CEA /* CustomTemplate */;
			projectDirPath = "";
			projectReferences = (
				{
					ProductGroup = 320D7DCCE32703ACAB9A45E3 /* Products */;
					ProjectRef = 320D7DCCE32703ACAB9A45E0 /* Three20.xcodeproj */;
				},
				{
					ProductGroup = 320A2827FEC940B25BC42C63 /* Products */;
					ProjectRef = 320A2827FEC940B25BC42C60 /* Three20Core.xcodeproj */;
				},
				{
					ProductGroup = 320A5A189C235877202780D3 /* Products */;
					ProjectRef = 320A5A189C235877202780D0 /* Three20Network.xcodeproj */;
				},
				{
					ProductGroup = 320CC833B8AF0ACFD35E6223 /* Products */;
					ProjectRef = 320CC833B8AF0ACFD35E6220 /* Three20Style.xcodeproj */;
				},
				{
					ProductGroup = 320F2C48872C2E2C4DF86203 /* Products */;
					ProjectRef = 320F2C48872C2E2C4DF86200 /* Three20UI.xcodeproj */;
				},
				{
					ProductGroup = 3201088596B4756681693703 /* Products */;
					ProjectRef = 3201088596B4756681693700 /* Three20UICommon.xcodeproj */;
				},
				{
					ProductGroup = 320A737074758E53BA54BE93 /* Products */;
					ProjectRef = 320A737074758E53BA54BE90 /* Three20UINavigator.xcodeproj */;
				},
			);
			projectRoot = "";
			targets = (
				1D6058900D05DD3D006BFB54 /* TheCarlton */,
			);
		};
/* End PBXProject section */

/* Begin PBXReferenceProxy section */
		3201088596B4756681693704 /* libThree20UICommon.a */ = {
			isa = PBXReferenceProxy;
			fileType = archive.ar;
			path = libThree20UICommon.a;
			remoteRef = 3201088596B4756681693706 /* PBXContainerItemProxy */;
			sourceTree = BUILT_PRODUCTS_DIR;
		};
		320A2827FEC940B25BC42C64 /* libThree20Core.a */ = {
			isa = PBXReferenceProxy;
			fileType = archive.ar;
			path = libThree20Core.a;
			remoteRef = 320A2827FEC940B25BC42C66 /* PBXContainerItemProxy */;
			sourceTree = BUILT_PRODUCTS_DIR;
		};
		320A5A189C235877202780D4 /* libThree20Network.a */ = {
			isa = PBXReferenceProxy;
			fileType = archive.ar;
			path = libThree20Network.a;
			remoteRef = 320A5A189C235877202780D6 /* PBXContainerItemProxy */;
			sourceTree = BUILT_PRODUCTS_DIR;
		};
		320A737074758E53BA54BE94 /* libThree20UINavigator.a */ = {
			isa = PBXReferenceProxy;
			fileType = archive.ar;
			path = libThree20UINavigator.a;
			remoteRef = 320A737074758E53BA54BE96 /* PBXContainerItemProxy */;
			sourceTree = BUILT_PRODUCTS_DIR;
		};
		320CC833B8AF0ACFD35E6224 /* libThree20Style.a */ = {
			isa = PBXReferenceProxy;
			fileType = archive.ar;
			path = libThree20Style.a;
			remoteRef = 320CC833B8AF0ACFD35E6226 /* PBXContainerItemProxy */;
			sourceTree = BUILT_PRODUCTS_DIR;
		};
		320D7DCCE32703ACAB9A45E4 /* libThree20.a */ = {
			isa = PBXReferenceProxy;
			fileType = archive.ar;
			path = libThree20.a;
			remoteRef = 320D7DCCE32703ACAB9A45E6 /* PBXContainerItemProxy */;
			sourceTree = BUILT_PRODUCTS_DIR;
		};
		320F2C48872C2E2C4DF86204 /* libThree20UI.a */ = {
			isa = PBXReferenceProxy;
			fileType = archive.ar;
			path = libThree20UI.a;
			remoteRef = 320F2C48872C2E2C4DF86206 /* PBXContainerItemProxy */;
			sourceTree = BUILT_PRODUCTS_DIR;
		};
		F437CB7412B3B69C0049F9C4 /* libThree20UICommon-Xcode3.2.5.a */ = {
			isa = PBXReferenceProxy;
			fileType = archive.ar;
			path = "libThree20UICommon-Xcode3.2.5.a";
			remoteRef = F437CB7312B3B69C0049F9C4 /* PBXContainerItemProxy */;
			sourceTree = BUILT_PRODUCTS_DIR;
		};
		F437CB7612B3B69C0049F9C4 /* libThree20UICommon-Xcode3.2.2.a */ = {
			isa = PBXReferenceProxy;
			fileType = archive.ar;
			path = "libThree20UICommon-Xcode3.2.2.a";
			remoteRef = F437CB7512B3B69C0049F9C4 /* PBXContainerItemProxy */;
			sourceTree = BUILT_PRODUCTS_DIR;
		};
		F437CB7812B3B69C0049F9C4 /* UICommonUnitTests.octest */ = {
			isa = PBXReferenceProxy;
			fileType = wrapper.cfbundle;
			path = UICommonUnitTests.octest;
			remoteRef = F437CB7712B3B69C0049F9C4 /* PBXContainerItemProxy */;
			sourceTree = BUILT_PRODUCTS_DIR;
		};
		F437CB7A12B3B69C0049F9C4 /* UICommonUnitTests-Xcode3.2.5.octest */ = {
			isa = PBXReferenceProxy;
			fileType = wrapper.cfbundle;
			path = "UICommonUnitTests-Xcode3.2.5.octest";
			remoteRef = F437CB7912B3B69C0049F9C4 /* PBXContainerItemProxy */;
			sourceTree = BUILT_PRODUCTS_DIR;
		};
		F437CB7C12B3B69C0049F9C4 /* UICommonUnitTests-Xcode3.2.2.octest */ = {
			isa = PBXReferenceProxy;
			fileType = wrapper.cfbundle;
			path = "UICommonUnitTests-Xcode3.2.2.octest";
			remoteRef = F437CB7B12B3B69C0049F9C4 /* PBXContainerItemProxy */;
			sourceTree = BUILT_PRODUCTS_DIR;
		};
		F437CB8312B3B69C0049F9C4 /* libThree20-Xcode3.2.5.a */ = {
			isa = PBXReferenceProxy;
			fileType = archive.ar;
			path = "libThree20-Xcode3.2.5.a";
			remoteRef = F437CB8212B3B69C0049F9C4 /* PBXContainerItemProxy */;
			sourceTree = BUILT_PRODUCTS_DIR;
		};
		F437CB8512B3B69C0049F9C4 /* libThree20-Xcode3.2.2.a */ = {
			isa = PBXReferenceProxy;
			fileType = archive.ar;
			path = "libThree20-Xcode3.2.2.a";
			remoteRef = F437CB8412B3B69C0049F9C4 /* PBXContainerItemProxy */;
			sourceTree = BUILT_PRODUCTS_DIR;
		};
		F437CB8712B3B69C0049F9C4 /* Three20UnitTests.octest */ = {
			isa = PBXReferenceProxy;
			fileType = wrapper.cfbundle;
			path = Three20UnitTests.octest;
			remoteRef = F437CB8612B3B69C0049F9C4 /* PBXContainerItemProxy */;
			sourceTree = BUILT_PRODUCTS_DIR;
		};
		F437CB8912B3B69C0049F9C4 /* Three20UnitTests-Xcode3.2.5.octest */ = {
			isa = PBXReferenceProxy;
			fileType = wrapper.cfbundle;
			path = "Three20UnitTests-Xcode3.2.5.octest";
			remoteRef = F437CB8812B3B69C0049F9C4 /* PBXContainerItemProxy */;
			sourceTree = BUILT_PRODUCTS_DIR;
		};
		F437CB8B12B3B69C0049F9C4 /* Three20UnitTests-Xcode3.2.2.octest */ = {
			isa = PBXReferenceProxy;
			fileType = wrapper.cfbundle;
			path = "Three20UnitTests-Xcode3.2.2.octest";
			remoteRef = F437CB8A12B3B69C0049F9C4 /* PBXContainerItemProxy */;
			sourceTree = BUILT_PRODUCTS_DIR;
		};
		F437CB9212B3B69C0049F9C4 /* libThree20UINavigator-Xcode3.2.5.a */ = {
			isa = PBXReferenceProxy;
			fileType = archive.ar;
			path = "libThree20UINavigator-Xcode3.2.5.a";
			remoteRef = F437CB9112B3B69C0049F9C4 /* PBXContainerItemProxy */;
			sourceTree = BUILT_PRODUCTS_DIR;
		};
		F437CB9412B3B69C0049F9C4 /* libThree20UINavigator-Xcode3.2.2.a */ = {
			isa = PBXReferenceProxy;
			fileType = archive.ar;
			path = "libThree20UINavigator-Xcode3.2.2.a";
			remoteRef = F437CB9312B3B69C0049F9C4 /* PBXContainerItemProxy */;
			sourceTree = BUILT_PRODUCTS_DIR;
		};
		F437CB9612B3B69C0049F9C4 /* UINavigatorUnitTests.octest */ = {
			isa = PBXReferenceProxy;
			fileType = wrapper.cfbundle;
			path = UINavigatorUnitTests.octest;
			remoteRef = F437CB9512B3B69C0049F9C4 /* PBXContainerItemProxy */;
			sourceTree = BUILT_PRODUCTS_DIR;
		};
		F437CB9812B3B69C0049F9C4 /* UINavigatorUnitTests-Xcode3.2.5.octest */ = {
			isa = PBXReferenceProxy;
			fileType = wrapper.cfbundle;
			path = "UINavigatorUnitTests-Xcode3.2.5.octest";
			remoteRef = F437CB9712B3B69C0049F9C4 /* PBXContainerItemProxy */;
			sourceTree = BUILT_PRODUCTS_DIR;
		};
		F437CB9A12B3B69C0049F9C4 /* UINavigatorUnitTests-Xcode3.2.2.octest */ = {
			isa = PBXReferenceProxy;
			fileType = wrapper.cfbundle;
			path = "UINavigatorUnitTests-Xcode3.2.2.octest";
			remoteRef = F437CB9912B3B69C0049F9C4 /* PBXContainerItemProxy */;
			sourceTree = BUILT_PRODUCTS_DIR;
		};
		F437CBA112B3B69C0049F9C4 /* libThree20Core-Xcode3.2.5.a */ = {
			isa = PBXReferenceProxy;
			fileType = archive.ar;
			path = "libThree20Core-Xcode3.2.5.a";
			remoteRef = F437CBA012B3B69C0049F9C4 /* PBXContainerItemProxy */;
			sourceTree = BUILT_PRODUCTS_DIR;
		};
		F437CBA312B3B69C0049F9C4 /* libThree20Core-Xcode3.2.2.a */ = {
			isa = PBXReferenceProxy;
			fileType = archive.ar;
			path = "libThree20Core-Xcode3.2.2.a";
			remoteRef = F437CBA212B3B69C0049F9C4 /* PBXContainerItemProxy */;
			sourceTree = BUILT_PRODUCTS_DIR;
		};
		F437CBA512B3B69C0049F9C4 /* CoreUnitTests.octest */ = {
			isa = PBXReferenceProxy;
			fileType = wrapper.cfbundle;
			path = CoreUnitTests.octest;
			remoteRef = F437CBA412B3B69C0049F9C4 /* PBXContainerItemProxy */;
			sourceTree = BUILT_PRODUCTS_DIR;
		};
		F437CBA712B3B69C0049F9C4 /* CoreUnitTests-Xcode3.2.5.octest */ = {
			isa = PBXReferenceProxy;
			fileType = wrapper.cfbundle;
			path = "CoreUnitTests-Xcode3.2.5.octest";
			remoteRef = F437CBA612B3B69C0049F9C4 /* PBXContainerItemProxy */;
			sourceTree = BUILT_PRODUCTS_DIR;
		};
		F437CBA912B3B69C0049F9C4 /* CoreUnitTests-Xcode3.2.2.octest */ = {
			isa = PBXReferenceProxy;
			fileType = wrapper.cfbundle;
			path = "CoreUnitTests-Xcode3.2.2.octest";
			remoteRef = F437CBA812B3B69C0049F9C4 /* PBXContainerItemProxy */;
			sourceTree = BUILT_PRODUCTS_DIR;
		};
		F437CBB012B3B69C0049F9C4 /* libThree20UI-Xcode3.2.5.a */ = {
			isa = PBXReferenceProxy;
			fileType = archive.ar;
			path = "libThree20UI-Xcode3.2.5.a";
			remoteRef = F437CBAF12B3B69C0049F9C4 /* PBXContainerItemProxy */;
			sourceTree = BUILT_PRODUCTS_DIR;
		};
		F437CBB212B3B69C0049F9C4 /* libThree20UI-Xcode3.2.2.a */ = {
			isa = PBXReferenceProxy;
			fileType = archive.ar;
			path = "libThree20UI-Xcode3.2.2.a";
			remoteRef = F437CBB112B3B69C0049F9C4 /* PBXContainerItemProxy */;
			sourceTree = BUILT_PRODUCTS_DIR;
		};
		F437CBB412B3B69C0049F9C4 /* UIUnitTests.octest */ = {
			isa = PBXReferenceProxy;
			fileType = wrapper.cfbundle;
			path = UIUnitTests.octest;
			remoteRef = F437CBB312B3B69C0049F9C4 /* PBXContainerItemProxy */;
			sourceTree = BUILT_PRODUCTS_DIR;
		};
		F437CBB612B3B69C0049F9C4 /* UIUnitTests-Xcode3.2.5.octest */ = {
			isa = PBXReferenceProxy;
			fileType = wrapper.cfbundle;
			path = "UIUnitTests-Xcode3.2.5.octest";
			remoteRef = F437CBB512B3B69C0049F9C4 /* PBXContainerItemProxy */;
			sourceTree = BUILT_PRODUCTS_DIR;
		};
		F437CBB812B3B69C0049F9C4 /* UIUnitTests-Xcode3.2.2.octest */ = {
			isa = PBXReferenceProxy;
			fileType = wrapper.cfbundle;
			path = "UIUnitTests-Xcode3.2.2.octest";
			remoteRef = F437CBB712B3B69C0049F9C4 /* PBXContainerItemProxy */;
			sourceTree = BUILT_PRODUCTS_DIR;
		};
		F437CBC112B3B69C0049F9C4 /* libThree20Network-Xcode3.2.5.a */ = {
			isa = PBXReferenceProxy;
			fileType = archive.ar;
			path = "libThree20Network-Xcode3.2.5.a";
			remoteRef = F437CBC012B3B69C0049F9C4 /* PBXContainerItemProxy */;
			sourceTree = BUILT_PRODUCTS_DIR;
		};
		F437CBC312B3B69C0049F9C4 /* libThree20Network-Xcode3.2.2.a */ = {
			isa = PBXReferenceProxy;
			fileType = archive.ar;
			path = "libThree20Network-Xcode3.2.2.a";
			remoteRef = F437CBC212B3B69C0049F9C4 /* PBXContainerItemProxy */;
			sourceTree = BUILT_PRODUCTS_DIR;
		};
		F437CBC512B3B69C0049F9C4 /* NetworkUnitTests.octest */ = {
			isa = PBXReferenceProxy;
			fileType = wrapper.cfbundle;
			path = NetworkUnitTests.octest;
			remoteRef = F437CBC412B3B69C0049F9C4 /* PBXContainerItemProxy */;
			sourceTree = BUILT_PRODUCTS_DIR;
		};
		F437CBC712B3B69C0049F9C4 /* NetworkUnitTests-Xcode3.2.5.octest */ = {
			isa = PBXReferenceProxy;
			fileType = wrapper.cfbundle;
			path = "NetworkUnitTests-Xcode3.2.5.octest";
			remoteRef = F437CBC612B3B69C0049F9C4 /* PBXContainerItemProxy */;
			sourceTree = BUILT_PRODUCTS_DIR;
		};
		F437CBC912B3B69C0049F9C4 /* NetworkUnitTests-Xcode3.2.2.octest */ = {
			isa = PBXReferenceProxy;
			fileType = wrapper.cfbundle;
			path = "NetworkUnitTests-Xcode3.2.2.octest";
			remoteRef = F437CBC812B3B69C0049F9C4 /* PBXContainerItemProxy */;
			sourceTree = BUILT_PRODUCTS_DIR;
		};
		F437CBD012B3B69C0049F9C4 /* libThree20Style-Xcode3.2.5.a */ = {
			isa = PBXReferenceProxy;
			fileType = archive.ar;
			path = "libThree20Style-Xcode3.2.5.a";
			remoteRef = F437CBCF12B3B69C0049F9C4 /* PBXContainerItemProxy */;
			sourceTree = BUILT_PRODUCTS_DIR;
		};
		F437CBD212B3B69C0049F9C4 /* libThree20Style-Xcode3.2.2.a */ = {
			isa = PBXReferenceProxy;
			fileType = archive.ar;
			path = "libThree20Style-Xcode3.2.2.a";
			remoteRef = F437CBD112B3B69C0049F9C4 /* PBXContainerItemProxy */;
			sourceTree = BUILT_PRODUCTS_DIR;
		};
		F437CBD412B3B69C0049F9C4 /* StyleUnitTests.octest */ = {
			isa = PBXReferenceProxy;
			fileType = wrapper.cfbundle;
			path = StyleUnitTests.octest;
			remoteRef = F437CBD312B3B69C0049F9C4 /* PBXContainerItemProxy */;
			sourceTree = BUILT_PRODUCTS_DIR;
		};
		F437CBD612B3B69C0049F9C4 /* StyleUnitTests-Xcode3.2.5.octest */ = {
			isa = PBXReferenceProxy;
			fileType = wrapper.cfbundle;
			path = "StyleUnitTests-Xcode3.2.5.octest";
			remoteRef = F437CBD512B3B69C0049F9C4 /* PBXContainerItemProxy */;
			sourceTree = BUILT_PRODUCTS_DIR;
		};
		F437CBD812B3B69C0049F9C4 /* StyleUnitTests-Xcode3.2.2.octest */ = {
			isa = PBXReferenceProxy;
			fileType = wrapper.cfbundle;
			path = "StyleUnitTests-Xcode3.2.2.octest";
			remoteRef = F437CBD712B3B69C0049F9C4 /* PBXContainerItemProxy */;
			sourceTree = BUILT_PRODUCTS_DIR;
		};
/* End PBXReferenceProxy section */

/* Begin PBXResourcesBuildPhase section */
		1D60588D0D05DD3D006BFB54 /* Resources */ = {
			isa = PBXResourcesBuildPhase;
			buildActionMask = 2147483647;
			files = (
				320B6C86F11D9990244A9731 /* Three20.bundle in Resources */,
				28AD733F0D9D9553002E5188 /* MainWindow.xib in Resources */,
				F437CBF012B3B6F40049F9C4 /* 18-envelope.png in Resources */,
				F437CBF112B3B6F40049F9C4 /* 53-house.png in Resources */,
				F437CBF212B3B6F40049F9C4 /* appsettings.png in Resources */,
				F437CBF312B3B6F40049F9C4 /* bookings.png in Resources */,
				F437CBF412B3B6F40049F9C4 /* buttonimg.png in Resources */,
				F437CBF512B3B6F40049F9C4 /* cameraimg.png in Resources */,
				F437CBF612B3B6F40049F9C4 /* checkin.png in Resources */,
				F437CBF712B3B6F40049F9C4 /* contact.png in Resources */,
				F437CBF812B3B6F40049F9C4 /* free.png in Resources */,
				F437CBF912B3B6F40049F9C4 /* logo.png in Resources */,
				F437CBFA12B3B6F40049F9C4 /* menu.png in Resources */,
				F437CBFB12B3B6F40049F9C4 /* navbarbg.png in Resources */,
				F437CBFC12B3B6F40049F9C4 /* news.png in Resources */,
				F437CBFD12B3B6F40049F9C4 /* phone.png in Resources */,
				F437CBFE12B3B6F40049F9C4 /* settings.png in Resources */,
				F437CBFF12B3B6F40049F9C4 /* share.png in Resources */,
				F437CC0112B3B7090049F9C4 /* bg.jpg in Resources */,
				F437CC4612B3B90F0049F9C4 /* Settings.bundle in Resources */,
				F437CC6812B3BABC0049F9C4 /* LauncherViewController.xib in Resources */,
				F437CCEC12B3BFF90049F9C4 /* BoxViewController.xib in Resources */,
				F437CD7E12B3CF080049F9C4 /* tick.aiff in Resources */,
				F437CD9A12B3CF640049F9C4 /* OverlayViewController.xib in Resources */,
				F42507B312B4CFC50016CD6B /* DetailView.xib in Resources */,
				F42507B512B4CFC50016CD6B /* MenuRootViewController.xib in Resources */,
				F42507EE12B4DBD40016CD6B /* logogreen.png in Resources */,
				F425080512B4DDF90016CD6B /* SyncViewController.xib in Resources */,
				F42508C312B4F9550016CD6B /* Default.png in Resources */,
				F42508C412B4F9550016CD6B /* Icon-Small.png in Resources */,
				F42508C512B4F9550016CD6B /* Icon-Small@2x.png in Resources */,
				F42508C612B4F9550016CD6B /* Icon.png in Resources */,
				F42508C712B4F9550016CD6B /* Icon@2x.png in Resources */,
				F42508C812B4F9550016CD6B /* iTunesArtwork in Resources */,
				F42508E512B4FC960016CD6B /* LocateViewController.xib in Resources */,
				F42508E712B4FC960016CD6B /* ContactViewController.xib in Resources */,
			);
			runOnlyForDeploymentPostprocessing = 0;
		};
/* End PBXResourcesBuildPhase section */

/* Begin PBXSourcesBuildPhase section */
		1D60588E0D05DD3D006BFB54 /* Sources */ = {
			isa = PBXSourcesBuildPhase;
			buildActionMask = 2147483647;
			files = (
				1D60589B0D05DD56006BFB54 /* main.m in Sources */,
				1D3623260D0F684500981E51 /* TheCarltonAppDelegate.m in Sources */,
				F437CC6712B3BABC0049F9C4 /* LauncherViewController.m in Sources */,
				F437CCEB12B3BFF90049F9C4 /* BoxViewController.m in Sources */,
				F437CD0612B3C69F0049F9C4 /* CameraViewController.m in Sources */,
				F437CD0912B3C7FA0049F9C4 /* OverlayViewController.m in Sources */,
				F425061812B49F590016CD6B /* RemoteImage.m in Sources */,
				F42506E712B4BC240016CD6B /* RemoteDictionary.m in Sources */,
				F42507B212B4CFC50016CD6B /* DetailViewController.m in Sources */,
				F42507B412B4CFC50016CD6B /* MenuRootViewController.m in Sources */,
				F425080412B4DDF90016CD6B /* SyncViewController.m in Sources */,
				F42508E412B4FC960016CD6B /* LocateViewController.m in Sources */,
				F42508E612B4FC960016CD6B /* ContactViewController.m in Sources */,
				F42508E812B4FC960016CD6B /* ContactTableController.m in Sources */,
			);
			runOnlyForDeploymentPostprocessing = 0;
		};
/* End PBXSourcesBuildPhase section */

/* Begin PBXTargetDependency section */
		3201088596B4756681693701 /* PBXTargetDependency */ = {
			isa = PBXTargetDependency;
			name = Three20UICommon;
			targetProxy = 3201088596B4756681693702 /* PBXContainerItemProxy */;
		};
		320A2827FEC940B25BC42C61 /* PBXTargetDependency */ = {
			isa = PBXTargetDependency;
			name = Three20Core;
			targetProxy = 320A2827FEC940B25BC42C62 /* PBXContainerItemProxy */;
		};
		320A5A189C235877202780D1 /* PBXTargetDependency */ = {
			isa = PBXTargetDependency;
			name = Three20Network;
			targetProxy = 320A5A189C235877202780D2 /* PBXContainerItemProxy */;
		};
		320A737074758E53BA54BE91 /* PBXTargetDependency */ = {
			isa = PBXTargetDependency;
			name = Three20UINavigator;
			targetProxy = 320A737074758E53BA54BE92 /* PBXContainerItemProxy */;
		};
		320CC833B8AF0ACFD35E6221 /* PBXTargetDependency */ = {
			isa = PBXTargetDependency;
			name = Three20Style;
			targetProxy = 320CC833B8AF0ACFD35E6222 /* PBXContainerItemProxy */;
		};
		320D7DCCE32703ACAB9A45E1 /* PBXTargetDependency */ = {
			isa = PBXTargetDependency;
			name = Three20;
			targetProxy = 320D7DCCE32703ACAB9A45E2 /* PBXContainerItemProxy */;
		};
		320F2C48872C2E2C4DF86201 /* PBXTargetDependency */ = {
			isa = PBXTargetDependency;
			name = Three20UI;
			targetProxy = 320F2C48872C2E2C4DF86202 /* PBXContainerItemProxy */;
		};
/* End PBXTargetDependency section */

/* Begin PBXVariantGroup section */
		F437CD9812B3CF640049F9C4 /* OverlayViewController.xib */ = {
			isa = PBXVariantGroup;
			children = (
				F437CD9912B3CF640049F9C4 /* en */,
			);
			name = OverlayViewController.xib;
			sourceTree = "<group>";
		};
/* End PBXVariantGroup section */

/* Begin XCBuildConfiguration section */
		1D6058940D05DD3E006BFB54 /* Debug */ = {
			isa = XCBuildConfiguration;
			buildSettings = {
				ALWAYS_SEARCH_USER_PATHS = NO;
				COPY_PHASE_STRIP = NO;
				GCC_DYNAMIC_NO_PIC = NO;
				GCC_OPTIMIZATION_LEVEL = 0;
				GCC_PRECOMPILE_PREFIX_HEADER = YES;
				GCC_PREFIX_HEADER = TheCarlton_Prefix.pch;
				HEADER_SEARCH_PATHS = ../three20/Build/Products/three20;
				INFOPLIST_FILE = "TheCarlton-Info.plist";
				OTHER_LDFLAGS = (
					"-force_load",
					"../three20/Build/Products/$(CONFIGURATION)$(EFFECTIVE_PLATFORM_NAME)/libThree20UICommon.a",
					"-force_load",
					"../three20/Build/Products/$(CONFIGURATION)$(EFFECTIVE_PLATFORM_NAME)/libThree20.a",
					"-force_load",
					"../three20/Build/Products/$(CONFIGURATION)$(EFFECTIVE_PLATFORM_NAME)/libThree20UINavigator.a",
					"-force_load",
					"../three20/Build/Products/$(CONFIGURATION)$(EFFECTIVE_PLATFORM_NAME)/libThree20Core.a",
					"-force_load",
					"../three20/Build/Products/$(CONFIGURATION)$(EFFECTIVE_PLATFORM_NAME)/libThree20UI.a",
					"-force_load",
					"../three20/Build/Products/$(CONFIGURATION)$(EFFECTIVE_PLATFORM_NAME)/libThree20Network.a",
					"-force_load",
					"../three20/Build/Products/$(CONFIGURATION)$(EFFECTIVE_PLATFORM_NAME)/libThree20Style.a",
				);
				PRODUCT_NAME = TheCarlton;
			};
			name = Debug;
		};
		1D6058950D05DD3E006BFB54 /* Release */ = {
			isa = XCBuildConfiguration;
			buildSettings = {
				ALWAYS_SEARCH_USER_PATHS = NO;
				COPY_PHASE_STRIP = YES;
				GCC_PRECOMPILE_PREFIX_HEADER = YES;
				GCC_PREFIX_HEADER = TheCarlton_Prefix.pch;
				HEADER_SEARCH_PATHS = ../three20/Build/Products/three20;
				INFOPLIST_FILE = "TheCarlton-Info.plist";
				OTHER_LDFLAGS = (
					"-force_load",
					"../three20/Build/Products/$(CONFIGURATION)$(EFFECTIVE_PLATFORM_NAME)/libThree20UICommon.a",
					"-force_load",
					"../three20/Build/Products/$(CONFIGURATION)$(EFFECTIVE_PLATFORM_NAME)/libThree20.a",
					"-force_load",
					"../three20/Build/Products/$(CONFIGURATION)$(EFFECTIVE_PLATFORM_NAME)/libThree20UINavigator.a",
					"-force_load",
					"../three20/Build/Products/$(CONFIGURATION)$(EFFECTIVE_PLATFORM_NAME)/libThree20Core.a",
					"-force_load",
					"../three20/Build/Products/$(CONFIGURATION)$(EFFECTIVE_PLATFORM_NAME)/libThree20UI.a",
					"-force_load",
					"../three20/Build/Products/$(CONFIGURATION)$(EFFECTIVE_PLATFORM_NAME)/libThree20Network.a",
					"-force_load",
					"../three20/Build/Products/$(CONFIGURATION)$(EFFECTIVE_PLATFORM_NAME)/libThree20Style.a",
				);
				PRODUCT_NAME = TheCarlton;
				VALIDATE_PRODUCT = YES;
			};
			name = Release;
		};
		C01FCF4F08A954540054247B /* Debug */ = {
			isa = XCBuildConfiguration;
			buildSettings = {
				ARCHS = "$(ARCHS_STANDARD_32_BIT)";
				"CODE_SIGN_IDENTITY[sdk=iphoneos*]" = "iPhone Developer";
				GCC_C_LANGUAGE_STANDARD = c99;
				GCC_WARN_ABOUT_RETURN_TYPE = YES;
				GCC_WARN_UNUSED_VARIABLE = YES;
				PREBINDING = NO;
				SDKROOT = iphoneos;
			};
			name = Debug;
		};
		C01FCF5008A954540054247B /* Release */ = {
			isa = XCBuildConfiguration;
			buildSettings = {
				ARCHS = "$(ARCHS_STANDARD_32_BIT)";
				"CODE_SIGN_IDENTITY[sdk=iphoneos*]" = "iPhone Developer";
				GCC_C_LANGUAGE_STANDARD = c99;
				GCC_WARN_ABOUT_RETURN_TYPE = YES;
				GCC_WARN_UNUSED_VARIABLE = YES;
				OTHER_CFLAGS = "-DNS_BLOCK_ASSERTIONS=1";
				PREBINDING = NO;
				SDKROOT = iphoneos;
			};
			name = Release;
		};
/* End XCBuildConfiguration section */

/* Begin XCConfigurationList section */
		1D6058960D05DD3E006BFB54 /* Build configuration list for PBXNativeTarget "TheCarlton" */ = {
			isa = XCConfigurationList;
			buildConfigurations = (
				1D6058940D05DD3E006BFB54 /* Debug */,
				1D6058950D05DD3E006BFB54 /* Release */,
			);
			defaultConfigurationIsVisible = 0;
			defaultConfigurationName = Release;
		};
		C01FCF4E08A954540054247B /* Build configuration list for PBXProject "TheCarlton" */ = {
			isa = XCConfigurationList;
			buildConfigurations = (
				C01FCF4F08A954540054247B /* Debug */,
				C01FCF5008A954540054247B /* Release */,
			);
			defaultConfigurationIsVisible = 0;
			defaultConfigurationName = Release;
		};
/* End XCConfigurationList section */
	};
	rootObject = 29B97313FDCFA39411CA2CEA /* Project object */;
}
